// !$*UTF8*$!
{
	archiveVersion = 1;
	classes = {
	};
	objectVersion = 50;
	objects = {

/* Begin PBXBuildFile section */
		BB1C529D2A8CD3DA0044FF6F /* AppDelegate.swift in Sources */ = {isa = PBXBuildFile; fileRef = BB1C529C2A8CD3DA0044FF6F /* AppDelegate.swift */; };
		BB1C529F2A8CD3DA0044FF6F /* SceneDelegate.swift in Sources */ = {isa = PBXBuildFile; fileRef = BB1C529E2A8CD3DA0044FF6F /* SceneDelegate.swift */; };
		BB1C52A12A8CD3DA0044FF6F /* ViewController.swift in Sources */ = {isa = PBXBuildFile; fileRef = BB1C52A02A8CD3DA0044FF6F /* ViewController.swift */; };
		BB1C52A42A8CD3DA0044FF6F /* Main.storyboard in Resources */ = {isa = PBXBuildFile; fileRef = BB1C52A22A8CD3DA0044FF6F /* Main.storyboard */; };
		BB1C52A62A8CD3DD0044FF6F /* Assets.xcassets in Resources */ = {isa = PBXBuildFile; fileRef = BB1C52A52A8CD3DD0044FF6F /* Assets.xcassets */; };
		BB1C52A92A8CD3DD0044FF6F /* LaunchScreen.storyboard in Resources */ = {isa = PBXBuildFile; fileRef = BB1C52A72A8CD3DD0044FF6F /* LaunchScreen.storyboard */; };
		BB1C52B12A8DFB860044FF6F /* MusicPlayView.storyboard in Resources */ = {isa = PBXBuildFile; fileRef = BB1C52B02A8DFB860044FF6F /* MusicPlayView.storyboard */; };
/* End PBXBuildFile section */

/* Begin PBXFileReference section */
		BB1C52992A8CD3DA0044FF6F /* AppMusic.app */ = {isa = PBXFileReference; explicitFileType = wrapper.application; includeInIndex = 0; path = AppMusic.app; sourceTree = BUILT_PRODUCTS_DIR; };
		BB1C529C2A8CD3DA0044FF6F /* AppDelegate.swift */ = {isa = PBXFileReference; lastKnownFileType = sourcecode.swift; path = AppDelegate.swift; sourceTree = "<group>"; };
		BB1C529E2A8CD3DA0044FF6F /* SceneDelegate.swift */ = {isa = PBXFileReference; lastKnownFileType = sourcecode.swift; path = SceneDelegate.swift; sourceTree = "<group>"; };
		BB1C52A02A8CD3DA0044FF6F /* ViewController.swift */ = {isa = PBXFileReference; lastKnownFileType = sourcecode.swift; path = ViewController.swift; sourceTree = "<group>"; };
		BB1C52A32A8CD3DA0044FF6F /* Base */ = {isa = PBXFileReference; lastKnownFileType = file.storyboard; name = Base; path = Base.lproj/Main.storyboard; sourceTree = "<group>"; };
		BB1C52A52A8CD3DD0044FF6F /* Assets.xcassets */ = {isa = PBXFileReference; lastKnownFileType = folder.assetcatalog; path = Assets.xcassets; sourceTree = "<group>"; };
		BB1C52A82A8CD3DD0044FF6F /* Base */ = {isa = PBXFileReference; lastKnownFileType = file.storyboard; name = Base; path = Base.lproj/LaunchScreen.storyboard; sourceTree = "<group>"; };
		BB1C52AA2A8CD3DD0044FF6F /* Info.plist */ = {isa = PBXFileReference; lastKnownFileType = text.plist.xml; path = Info.plist; sourceTree = "<group>"; };
		BB1C52B02A8DFB860044FF6F /* MusicPlayView.storyboard */ = {isa = PBXFileReference; lastKnownFileType = file.storyboard; path = MusicPlayView.storyboard; sourceTree = "<group>"; };
/* End PBXFileReference section */

/* Begin PBXFrameworksBuildPhase section */
		BB1C52962A8CD3DA0044FF6F /* Frameworks */ = {
			isa = PBXFrameworksBuildPhase;
			buildActionMask = 2147483647;
			files = (
			);
			runOnlyForDeploymentPostprocessing = 0;
		};
/* End PBXFrameworksBuildPhase section */

/* Begin PBXGroup section */
		BB1C52902A8CD3DA0044FF6F = {
			isa = PBXGroup;
			children = (
				BB1C52B02A8DFB860044FF6F /* MusicPlayView.storyboard */,
				BB1C529B2A8CD3DA0044FF6F /* AppMusic */,
				BB1C529A2A8CD3DA0044FF6F /* Products */,
			);
			sourceTree = "<group>";
		};
		BB1C529A2A8CD3DA0044FF6F /* Products */ = {
			isa = PBXGroup;
			children = (
				BB1C52992A8CD3DA0044FF6F /* AppMusic.app */,
			);
			name = Products;
			sourceTree = "<group>";
		};
		BB1C529B2A8CD3DA0044FF6F /* AppMusic */ = {
			isa = PBXGroup;
			children = (
				BB1C529C2A8CD3DA0044FF6F /* AppDelegate.swift */,
				BB1C529E2A8CD3DA0044FF6F /* SceneDelegate.swift */,
				BB1C52A02A8CD3DA0044FF6F /* ViewController.swift */,
				BB1C52A22A8CD3DA0044FF6F /* Main.storyboard */,
				BB1C52A52A8CD3DD0044FF6F /* Assets.xcassets */,
				BB1C52A72A8CD3DD0044FF6F /* LaunchScreen.storyboard */,
				BB1C52AA2A8CD3DD0044FF6F /* Info.plist */,
			);
			path = AppMusic;
			sourceTree = "<group>";
		};
/* End PBXGroup section */

/* Begin PBXNativeTarget section */
		BB1C52982A8CD3DA0044FF6F /* AppMusic */ = {
			isa = PBXNativeTarget;
			buildConfigurationList = BB1C52AD2A8CD3DD0044FF6F /* Build configuration list for PBXNativeTarget "AppMusic" */;
			buildPhases = (
				BB1C52952A8CD3DA0044FF6F /* Sources */,
				BB1C52962A8CD3DA0044FF6F /* Frameworks */,
				BB1C52972A8CD3DA0044FF6F /* Resources */,
			);
			buildRules = (
			);
			dependencies = (
			);
			name = AppMusic;
			productName = AppMusic;
			productReference = BB1C52992A8CD3DA0044FF6F /* AppMusic.app */;
			productType = "com.apple.product-type.application";
		};
/* End PBXNativeTarget section */

/* Begin PBXProject section */
		BB1C52912A8CD3DA0044FF6F /* Project object */ = {
			isa = PBXProject;
			attributes = {
				LastSwiftUpdateCheck = 1250;
				LastUpgradeCheck = 1250;
				TargetAttributes = {
					BB1C52982A8CD3DA0044FF6F = {
						CreatedOnToolsVersion = 12.5;
					};
				};
			};
			buildConfigurationList = BB1C52942A8CD3DA0044FF6F /* Build configuration list for PBXProject "AppMusic" */;
			compatibilityVersion = "Xcode 9.3";
			developmentRegion = en;
			hasScannedForEncodings = 0;
			knownRegions = (
				en,
				Base,
			);
			mainGroup = BB1C52902A8CD3DA0044FF6F;
			productRefGroup = BB1C529A2A8CD3DA0044FF6F /* Products */;
			projectDirPath = "";
			projectRoot = "";
			targets = (
				BB1C52982A8CD3DA0044FF6F /* AppMusic */,
			);
		};
/* End PBXProject section */

/* Begin PBXResourcesBuildPhase section */
		BB1C52972A8CD3DA0044FF6F /* Resources */ = {
			isa = PBXResourcesBuildPhase;
			buildActionMask = 2147483647;
			files = (
				BB1C52A92A8CD3DD0044FF6F /* LaunchScreen.storyboard in Resources */,
				BB1C52B12A8DFB860044FF6F /* MusicPlayView.storyboard in Resources */,
				BB1C52A62A8CD3DD0044FF6F /* Assets.xcassets in Resources */,
				BB1C52A42A8CD3DA0044FF6F /* Main.storyboard in Resources */,
			);
			runOnlyForDeploymentPostprocessing = 0;
		};
/* End PBXResourcesBuildPhase section */

/* Begin PBXSourcesBuildPhase section */
		BB1C52952A8CD3DA0044FF6F /* Sources */ = {
			isa = PBXSourcesBuildPhase;
			buildActionMask = 2147483647;
			files = (
				BB1C52A12A8CD3DA0044FF6F /* ViewController.swift in Sources */,
				BB1C529D2A8CD3DA0044FF6F /* AppDelegate.swift in Sources */,
				BB1C529F2A8CD3DA0044FF6F /* SceneDelegate.swift in Sources */,
			);
			runOnlyForDeploymentPostprocessing = 0;
		};
/* End PBXSourcesBuildPhase section */

/* Begin PBXVariantGroup section */
		BB1C52A22A8CD3DA0044FF6F /* Main.storyboard */ = {
			isa = PBXVariantGroup;
			children = (
				BB1C52A32A8CD3DA0044FF6F /* Base */,
			);
			name = Main.storyboard;
			sourceTree = "<group>";
		};
		BB1C52A72A8CD3DD0044FF6F /* LaunchScreen.storyboard */ = {
			isa = PBXVariantGroup;
			children = (
				BB1C52A82A8CD3DD0044FF6F /* Base */,
			);
			name = LaunchScreen.storyboard;
			sourceTree = "<group>";
		};
/* End PBXVariantGroup section */

/* Begin XCBuildConfiguration section */
		BB1C52AB2A8CD3DD0044FF6F /* Debug */ = {
			isa = XCBuildConfiguration;
			buildSettings = {
				ALWAYS_SEARCH_USER_PATHS = NO;
				CLANG_ANALYZER_NONNULL = YES;
				CLANG_ANALYZER_NUMBER_OBJECT_CONVERSION = YES_AGGRESSIVE;
				CLANG_CXX_LANGUAGE_STANDARD = "gnu++14";
				CLANG_CXX_LIBRARY = "libc++";
				CLANG_ENABLE_MODULES = YES;
				CLANG_ENABLE_OBJC_ARC = YES;
				CLANG_ENABLE_OBJC_WEAK = YES;
				CLANG_WARN_BLOCK_CAPTURE_AUTORELEASING = YES;
				CLANG_WARN_BOOL_CONVERSION = YES;
				CLANG_WARN_COMMA = YES;
				CLANG_WARN_CONSTANT_CONVERSION = YES;
				CLANG_WARN_DEPRECATED_OBJC_IMPLEMENTATIONS = YES;
				CLANG_WARN_DIRECT_OBJC_ISA_USAGE = YES_ERROR;
				CLANG_WARN_DOCUMENTATION_COMMENTS = YES;
				CLANG_WARN_EMPTY_BODY = YES;
				CLANG_WARN_ENUM_CONVERSION = YES;
				CLANG_WARN_INFINITE_RECURSION = YES;
				CLANG_WARN_INT_CONVERSION = YES;
				CLANG_WARN_NON_LITERAL_NULL_CONVERSION = YES;
				CLANG_WARN_OBJC_IMPLICIT_RETAIN_SELF = YES;
				CLANG_WARN_OBJC_LITERAL_CONVERSION = YES;
				CLANG_WARN_OBJC_ROOT_CLASS = YES_ERROR;
				CLANG_WARN_QUOTED_INCLUDE_IN_FRAMEWORK_HEADER = YES;
				CLANG_WARN_RANGE_LOOP_ANALYSIS = YES;
				CLANG_WARN_STRICT_PROTOTYPES = YES;
				CLANG_WARN_SUSPICIOUS_MOVE = YES;
				CLANG_WARN_UNGUARDED_AVAILABILITY = YES_AGGRESSIVE;
				CLANG_WARN_UNREACHABLE_CODE = YES;
				CLANG_WARN__DUPLICATE_METHOD_MATCH = YES;
				COPY_PHASE_STRIP = NO;
				DEBUG_INFORMATION_FORMAT = dwarf;
				ENABLE_STRICT_OBJC_MSGSEND = YES;
				ENABLE_TESTABILITY = YES;
				GCC_C_LANGUAGE_STANDARD = gnu11;
				GCC_DYNAMIC_NO_PIC = NO;
				GCC_NO_COMMON_BLOCKS = YES;
				GCC_OPTIMIZATION_LEVEL = 0;
				GCC_PREPROCESSOR_DEFINITIONS = (
					"DEBUG=1",
					"$(inherited)",
				);
				GCC_WARN_64_TO_32_BIT_CONVERSION = YES;
				GCC_WARN_ABOUT_RETURN_TYPE = YES_ERROR;
				GCC_WARN_UNDECLARED_SELECTOR = YES;
				GCC_WARN_UNINITIALIZED_AUTOS = YES_AGGRESSIVE;
				GCC_WARN_UNUSED_FUNCTION = YES;
				GCC_WARN_UNUSED_VARIABLE = YES;
				IPHONEOS_DEPLOYMENT_TARGET = 14.5;
				MTL_ENABLE_DEBUG_INFO = INCLUDE_SOURCE;
				MTL_FAST_MATH = YES;
				ONLY_ACTIVE_ARCH = YES;
				SDKROOT = iphoneos;
				SWIFT_ACTIVE_COMPILATION_CONDITIONS = DEBUG;
				SWIFT_OPTIMIZATION_LEVEL = "-Onone";
			};
			name = Debug;
		};
		BB1C52AC2A8CD3DD0044FF6F /* Release */ = {
			isa = XCBuildConfiguration;
			buildSettings = {
				ALWAYS_SEARCH_USER_PATHS = NO;
				CLANG_ANALYZER_NONNULL = YES;
				CLANG_ANALYZER_NUMBER_OBJECT_CONVERSION = YES_AGGRESSIVE;
				CLANG_CXX_LANGUAGE_STANDARD = "gnu++14";
				CLANG_CXX_LIBRARY = "libc++";
				CLANG_ENABLE_MODULES = YES;
				CLANG_ENABLE_OBJC_ARC = YES;
				CLANG_ENABLE_OBJC_WEAK = YES;
				CLANG_WARN_BLOCK_CAPTURE_AUTORELEASING = YES;
				CLANG_WARN_BOOL_CONVERSION = YES;
				CLANG_WARN_COMMA = YES;
				CLANG_WARN_CONSTANT_CONVERSION = YES;
				CLANG_WARN_DEPRECATED_OBJC_IMPLEMENTATIONS = YES;
				CLANG_WARN_DIRECT_OBJC_ISA_USAGE = YES_ERROR;
				CLANG_WARN_DOCUMENTATION_COMMENTS = YES;
				CLANG_WARN_EMPTY_BODY = YES;
				CLANG_WARN_ENUM_CONVERSION = YES;
				CLANG_WARN_INFINITE_RECURSION = YES;
				CLANG_WARN_INT_CONVERSION = YES;
				CLANG_WARN_NON_LITERAL_NULL_CONVERSION = YES;
				CLANG_WARN_OBJC_IMPLICIT_RETAIN_SELF = YES;
				CLANG_WARN_OBJC_LITERAL_CONVERSION = YES;
				CLANG_WARN_OBJC_ROOT_CLASS = YES_ERROR;
				CLANG_WARN_QUOTED_INCLUDE_IN_FRAMEWORK_HEADER = YES;
				CLANG_WARN_RANGE_LOOP_ANALYSIS = YES;
				CLANG_WARN_STRICT_PROTOTYPES = YES;
				CLANG_WARN_SUSPICIOUS_MOVE = YES;
				CLANG_WARN_UNGUARDED_AVAILABILITY = YES_AGGRESSIVE;
				CLANG_WARN_UNREACHABLE_CODE = YES;
				CLANG_WARN__DUPLICATE_METHOD_MATCH = YES;
				COPY_PHASE_STRIP = NO;
				DEBUG_INFORMATION_FORMAT = "dwarf-with-dsym";
				ENABLE_NS_ASSERTIONS = NO;
				ENABLE_STRICT_OBJC_MSGSEND = YES;
				GCC_C_LANGUAGE_STANDARD = gnu11;
				GCC_NO_COMMON_BLOCKS = YES;
				GCC_WARN_64_TO_32_BIT_CONVERSION = YES;
				GCC_WARN_ABOUT_RETURN_TYPE = YES_ERROR;
				GCC_WARN_UNDECLARED_SELECTOR = YES;
				GCC_WARN_UNINITIALIZED_AUTOS = YES_AGGRESSIVE;
				GCC_WARN_UNUSED_FUNCTION = YES;
				GCC_WARN_UNUSED_VARIABLE = YES;
				IPHONEOS_DEPLOYMENT_TARGET = 14.5;
				MTL_ENABLE_DEBUG_INFO = NO;
				MTL_FAST_MATH = YES;
				SDKROOT = iphoneos;
				SWIFT_COMPILATION_MODE = wholemodule;
				SWIFT_OPTIMIZATION_LEVEL = "-O";
				VALIDATE_PRODUCT = YES;
			};
			name = Release;
		};
		BB1C52AE2A8CD3DD0044FF6F /* Debug */ = {
			isa = XCBuildConfiguration;
			buildSettings = {
				ASSETCATALOG_COMPILER_APPICON_NAME = AppIcon;
				ASSETCATALOG_COMPILER_GLOBAL_ACCENT_COLOR_NAME = AccentColor;
				CODE_SIGN_STYLE = Automatic;
				INFOPLIST_FILE = AppMusic/Info.plist;
				LD_RUNPATH_SEARCH_PATHS = (
					"$(inherited)",
					"@executable_path/Frameworks",
				);
				PRODUCT_BUNDLE_IDENTIFIER = com.sun.AppMusic;
				PRODUCT_NAME = "$(TARGET_NAME)";
				SWIFT_VERSION = 5.0;
				TARGETED_DEVICE_FAMILY = "1,2";
			};
			name = Debug;
		};
		BB1C52AF2A8CD3DD0044FF6F /* Release */ = {
			isa = XCBuildConfiguration;
			buildSettings = {
				ASSETCATALOG_COMPILER_APPICON_NAME = AppIcon;
				ASSETCATALOG_COMPILER_GLOBAL_ACCENT_COLOR_NAME = AccentColor;
				CODE_SIGN_STYLE = Automatic;
				INFOPLIST_FILE = AppMusic/Info.plist;
				LD_RUNPATH_SEARCH_PATHS = (
					"$(inherited)",
					"@executable_path/Frameworks",
				);
				PRODUCT_BUNDLE_IDENTIFIER = com.sun.AppMusic;
				PRODUCT_NAME = "$(TARGET_NAME)";
				SWIFT_VERSION = 5.0;
				TARGETED_DEVICE_FAMILY = "1,2";
			};
			name = Release;
		};
/* End XCBuildConfiguration section */

/* Begin XCConfigurationList section */
		BB1C52942A8CD3DA0044FF6F /* Build configuration list for PBXProject "AppMusic" */ = {
			isa = XCConfigurationList;
			buildConfigurations = (
				BB1C52AB2A8CD3DD0044FF6F /* Debug */,
				BB1C52AC2A8CD3DD0044FF6F /* Release */,
			);
			defaultConfigurationIsVisible = 0;
			defaultConfigurationName = Release;
		};
		BB1C52AD2A8CD3DD0044FF6F /* Build configuration list for PBXNativeTarget "AppMusic" */ = {
			isa = XCConfigurationList;
			buildConfigurations = (
				BB1C52AE2A8CD3DD0044FF6F /* Debug */,
				BB1C52AF2A8CD3DD0044FF6F /* Release */,
			);
			defaultConfigurationIsVisible = 0;
			defaultConfigurationName = Release;
		};
/* End XCConfigurationList section */
	};
	rootObject = BB1C52912A8CD3DA0044FF6F /* Project object */;
}
