// !$*UTF8*$!
{
	archiveVersion = 1;
	classes = {
	};
	objectVersion = 50;
	objects = {

/* Begin PBXBuildFile section */
		BB07BFF22A9347240042BFC2 /* Audio.swift in Sources */ = {isa = PBXBuildFile; fileRef = BB07BFF12A9347240042BFC2 /* Audio.swift */; };
		BB1C52BF2A8E26940044FF6F /* AppDelegate.swift in Sources */ = {isa = PBXBuildFile; fileRef = BB1C52BE2A8E26940044FF6F /* AppDelegate.swift */; };
		BB1C52C32A8E26940044FF6F /* ViewController.swift in Sources */ = {isa = PBXBuildFile; fileRef = BB1C52C22A8E26940044FF6F /* ViewController.swift */; };
		BB1C52C62A8E26940044FF6F /* Main.storyboard in Resources */ = {isa = PBXBuildFile; fileRef = BB1C52C42A8E26940044FF6F /* Main.storyboard */; };
		BB1C52C82A8E269A0044FF6F /* Assets.xcassets in Resources */ = {isa = PBXBuildFile; fileRef = BB1C52C72A8E269A0044FF6F /* Assets.xcassets */; };
		BB1C52CB2A8E269A0044FF6F /* LaunchScreen.storyboard in Resources */ = {isa = PBXBuildFile; fileRef = BB1C52C92A8E269A0044FF6F /* LaunchScreen.storyboard */; };
		BB88C4FE2A97487D00714149 /* PlayListCell.swift in Sources */ = {isa = PBXBuildFile; fileRef = BB88C4FC2A97487D00714149 /* PlayListCell.swift */; };
		BBDEBEEF2A937E0600DB4DEA /* KhacBietToLon.mp3 in Resources */ = {isa = PBXBuildFile; fileRef = BBDEBEEE2A937E0600DB4DEA /* KhacBietToLon.mp3 */; };
		BBDEBEF12A937E0F00DB4DEA /* LanCuoi.mp3 in Resources */ = {isa = PBXBuildFile; fileRef = BBDEBEF02A937E0F00DB4DEA /* LanCuoi.mp3 */; };
		BBDEBEF72A9707D300DB4DEA /* PlayListTableViewController.swift in Sources */ = {isa = PBXBuildFile; fileRef = BBDEBEF62A9707D300DB4DEA /* PlayListTableViewController.swift */; };
/* End PBXBuildFile section */

/* Begin PBXFileReference section */
		BB07BFF12A9347240042BFC2 /* Audio.swift */ = {isa = PBXFileReference; lastKnownFileType = sourcecode.swift; path = Audio.swift; sourceTree = "<group>"; };
		BB1C52BB2A8E26940044FF6F /* AppMusicA.app */ = {isa = PBXFileReference; explicitFileType = wrapper.application; includeInIndex = 0; path = AppMusicA.app; sourceTree = BUILT_PRODUCTS_DIR; };
		BB1C52BE2A8E26940044FF6F /* AppDelegate.swift */ = {isa = PBXFileReference; lastKnownFileType = sourcecode.swift; path = AppDelegate.swift; sourceTree = "<group>"; };
		BB1C52C22A8E26940044FF6F /* ViewController.swift */ = {isa = PBXFileReference; lastKnownFileType = sourcecode.swift; path = ViewController.swift; sourceTree = "<group>"; };
		BB1C52C52A8E26940044FF6F /* Base */ = {isa = PBXFileReference; lastKnownFileType = file.storyboard; name = Base; path = Base.lproj/Main.storyboard; sourceTree = "<group>"; };
		BB1C52C72A8E269A0044FF6F /* Assets.xcassets */ = {isa = PBXFileReference; lastKnownFileType = folder.assetcatalog; path = Assets.xcassets; sourceTree = "<group>"; };
		BB1C52CA2A8E269A0044FF6F /* Base */ = {isa = PBXFileReference; lastKnownFileType = file.storyboard; name = Base; path = Base.lproj/LaunchScreen.storyboard; sourceTree = "<group>"; };
		BB1C52CC2A8E269A0044FF6F /* Info.plist */ = {isa = PBXFileReference; lastKnownFileType = text.plist.xml; path = Info.plist; sourceTree = "<group>"; };
		BB88C4FC2A97487D00714149 /* PlayListCell.swift */ = {isa = PBXFileReference; lastKnownFileType = sourcecode.swift; path = PlayListCell.swift; sourceTree = "<group>"; };
		BBDEBEEE2A937E0600DB4DEA /* KhacBietToLon.mp3 */ = {isa = PBXFileReference; lastKnownFileType = audio.mp3; path = KhacBietToLon.mp3; sourceTree = "<group>"; };
		BBDEBEF02A937E0F00DB4DEA /* LanCuoi.mp3 */ = {isa = PBXFileReference; lastKnownFileType = audio.mp3; path = LanCuoi.mp3; sourceTree = "<group>"; };
		BBDEBEF62A9707D300DB4DEA /* PlayListTableViewController.swift */ = {isa = PBXFileReference; lastKnownFileType = sourcecode.swift; name = PlayListTableViewController.swift; path = AppMusicA/PlayListTableViewController.swift; sourceTree = SOURCE_ROOT; };
/* End PBXFileReference section */

/* Begin PBXFrameworksBuildPhase section */
		BB1C52B82A8E26940044FF6F /* Frameworks */ = {
			isa = PBXFrameworksBuildPhase;
			buildActionMask = 2147483647;
			files = (
			);
			runOnlyForDeploymentPostprocessing = 0;
		};
/* End PBXFrameworksBuildPhase section */

/* Begin PBXGroup section */
		BB07BFF02A9346F90042BFC2 /* Model */ = {
			isa = PBXGroup;
			children = (
				BB07BFF12A9347240042BFC2 /* Audio.swift */,
			);
			path = Model;
			sourceTree = "<group>";
		};
		BB07BFF42A9347ED0042BFC2 /* Sounds */ = {
			isa = PBXGroup;
			children = (
				BB07BFF62A9348060042BFC2 /* KhacBietToLon */,
				BB07BFF52A9347F90042BFC2 /* LanCuoi */,
			);
			path = Sounds;
			sourceTree = "<group>";
		};
		BB07BFF52A9347F90042BFC2 /* LanCuoi */ = {
			isa = PBXGroup;
			children = (
				BBDEBEF02A937E0F00DB4DEA /* LanCuoi.mp3 */,
			);
			path = LanCuoi;
			sourceTree = "<group>";
		};
		BB07BFF62A9348060042BFC2 /* KhacBietToLon */ = {
			isa = PBXGroup;
			children = (
				BBDEBEEE2A937E0600DB4DEA /* KhacBietToLon.mp3 */,
			);
			path = KhacBietToLon;
			sourceTree = "<group>";
		};
		BB1C52B22A8E26940044FF6F = {
			isa = PBXGroup;
			children = (
				BB1C52BD2A8E26940044FF6F /* AppMusicA */,
				BB1C52BC2A8E26940044FF6F /* Products */,
			);
			sourceTree = "<group>";
		};
		BB1C52BC2A8E26940044FF6F /* Products */ = {
			isa = PBXGroup;
			children = (
				BB1C52BB2A8E26940044FF6F /* AppMusicA.app */,
			);
			name = Products;
			sourceTree = "<group>";
		};
		BB1C52BD2A8E26940044FF6F /* AppMusicA */ = {
			isa = PBXGroup;
			children = (
				BBDEBEF92A9712C300DB4DEA /* Cells */,
				BB07BFF42A9347ED0042BFC2 /* Sounds */,
				BB07BFF02A9346F90042BFC2 /* Model */,
				BBDEBEF62A9707D300DB4DEA /* PlayListTableViewController.swift */,
				BB1C52BE2A8E26940044FF6F /* AppDelegate.swift */,
				BB1C52C22A8E26940044FF6F /* ViewController.swift */,
				BB1C52C42A8E26940044FF6F /* Main.storyboard */,
				BB1C52C72A8E269A0044FF6F /* Assets.xcassets */,
				BB1C52C92A8E269A0044FF6F /* LaunchScreen.storyboard */,
				BB1C52CC2A8E269A0044FF6F /* Info.plist */,
			);
			path = AppMusicA;
			sourceTree = "<group>";
		};
		BBDEBEF92A9712C300DB4DEA /* Cells */ = {
			isa = PBXGroup;
			children = (
				BB88C4FC2A97487D00714149 /* PlayListCell.swift */,
			);
			path = Cells;
			sourceTree = "<group>";
		};
/* End PBXGroup section */

/* Begin PBXNativeTarget section */
		BB1C52BA2A8E26940044FF6F /* AppMusicA */ = {
			isa = PBXNativeTarget;
			buildConfigurationList = BB1C52CF2A8E269A0044FF6F /* Build configuration list for PBXNativeTarget "AppMusicA" */;
			buildPhases = (
				BB1C52B72A8E26940044FF6F /* Sources */,
				BB1C52B82A8E26940044FF6F /* Frameworks */,
				BB1C52B92A8E26940044FF6F /* Resources */,
				BBDEBEF22A944C3F00DB4DEA /* ShellScript */,
			);
			buildRules = (
			);
			dependencies = (
			);
			name = AppMusicA;
			productName = AppMusicA;
			productReference = BB1C52BB2A8E26940044FF6F /* AppMusicA.app */;
			productType = "com.apple.product-type.application";
		};
/* End PBXNativeTarget section */

/* Begin PBXProject section */
		BB1C52B32A8E26940044FF6F /* Project object */ = {
			isa = PBXProject;
			attributes = {
				LastSwiftUpdateCheck = 1250;
				LastUpgradeCheck = 1250;
				TargetAttributes = {
					BB1C52BA2A8E26940044FF6F = {
						CreatedOnToolsVersion = 12.5;
					};
				};
			};
			buildConfigurationList = BB1C52B62A8E26940044FF6F /* Build configuration list for PBXProject "AppMusicA" */;
			compatibilityVersion = "Xcode 9.3";
			developmentRegion = en;
			hasScannedForEncodings = 0;
			knownRegions = (
				en,
				Base,
			);
			mainGroup = BB1C52B22A8E26940044FF6F;
			productRefGroup = BB1C52BC2A8E26940044FF6F /* Products */;
			projectDirPath = "";
			projectRoot = "";
			targets = (
				BB1C52BA2A8E26940044FF6F /* AppMusicA */,
			);
		};
/* End PBXProject section */

/* Begin PBXResourcesBuildPhase section */
		BB1C52B92A8E26940044FF6F /* Resources */ = {
			isa = PBXResourcesBuildPhase;
			buildActionMask = 2147483647;
			files = (
				BB1C52CB2A8E269A0044FF6F /* LaunchScreen.storyboard in Resources */,
				BB1C52C82A8E269A0044FF6F /* Assets.xcassets in Resources */,
				BBDEBEF12A937E0F00DB4DEA /* LanCuoi.mp3 in Resources */,
				BBDEBEEF2A937E0600DB4DEA /* KhacBietToLon.mp3 in Resources */,
				BB1C52C62A8E26940044FF6F /* Main.storyboard in Resources */,
			);
			runOnlyForDeploymentPostprocessing = 0;
		};
/* End PBXResourcesBuildPhase section */

/* Begin PBXShellScriptBuildPhase section */
		BBDEBEF22A944C3F00DB4DEA /* ShellScript */ = {
			isa = PBXShellScriptBuildPhase;
			buildActionMask = 2147483647;
			files = (
			);
			inputFileListPaths = (
			);
			inputPaths = (
			);
			outputFileListPaths = (
			);
			outputPaths = (
			);
			runOnlyForDeploymentPostprocessing = 0;
			shellPath = /bin/sh;
			shellScript = "if which swiftlint >/dev/null; then\n  swiftlint\nelse\n  echo \"warning: SwiftLint not installed, download from https://github.com/realm/SwiftLint\"\nfi\n";
		};
/* End PBXShellScriptBuildPhase section */

/* Begin PBXSourcesBuildPhase section */
		BB1C52B72A8E26940044FF6F /* Sources */ = {
			isa = PBXSourcesBuildPhase;
			buildActionMask = 2147483647;
			files = (
				BB07BFF22A9347240042BFC2 /* Audio.swift in Sources */,
				BBDEBEF72A9707D300DB4DEA /* PlayListTableViewController.swift in Sources */,
				BB1C52C32A8E26940044FF6F /* ViewController.swift in Sources */,
				BB1C52BF2A8E26940044FF6F /* AppDelegate.swift in Sources */,
				BB88C4FE2A97487D00714149 /* PlayListCell.swift in Sources */,
			);
			runOnlyForDeploymentPostprocessing = 0;
		};
/* End PBXSourcesBuildPhase section */

/* Begin PBXVariantGroup section */
		BB1C52C42A8E26940044FF6F /* Main.storyboard */ = {
			isa = PBXVariantGroup;
			children = (
				BB1C52C52A8E26940044FF6F /* Base */,
			);
			name = Main.storyboard;
			sourceTree = "<group>";
		};
		BB1C52C92A8E269A0044FF6F /* LaunchScreen.storyboard */ = {
			isa = PBXVariantGroup;
			children = (
				BB1C52CA2A8E269A0044FF6F /* Base */,
			);
			name = LaunchScreen.storyboard;
			sourceTree = "<group>";
		};
/* End PBXVariantGroup section */

/* Begin XCBuildConfiguration section */
		BB1C52CD2A8E269A0044FF6F /* Debug */ = {
			isa = XCBuildConfiguration;
			buildSettings = {
				ALWAYS_SEARCH_USER_PATHS = NO;
				CLANG_ANALYZER_NONNULL = YES;
				CLANG_ANALYZER_NUMBER_OBJECT_CONVERSION = YES_AGGRESSIVE;
				CLANG_CXX_LANGUAGE_STANDARD = "gnu++14";
				CLANG_CXX_LIBRARY = "libc++";
				CLANG_ENABLE_MODULES = YES;
				CLANG_ENABLE_OBJC_ARC = YES;
				CLANG_ENABLE_OBJC_WEAK = YES;
				CLANG_WARN_BLOCK_CAPTURE_AUTORELEASING = YES;
				CLANG_WARN_BOOL_CONVERSION = YES;
				CLANG_WARN_COMMA = YES;
				CLANG_WARN_CONSTANT_CONVERSION = YES;
				CLANG_WARN_DEPRECATED_OBJC_IMPLEMENTATIONS = YES;
				CLANG_WARN_DIRECT_OBJC_ISA_USAGE = YES_ERROR;
				CLANG_WARN_DOCUMENTATION_COMMENTS = YES;
				CLANG_WARN_EMPTY_BODY = YES;
				CLANG_WARN_ENUM_CONVERSION = YES;
				CLANG_WARN_INFINITE_RECURSION = YES;
				CLANG_WARN_INT_CONVERSION = YES;
				CLANG_WARN_NON_LITERAL_NULL_CONVERSION = YES;
				CLANG_WARN_OBJC_IMPLICIT_RETAIN_SELF = YES;
				CLANG_WARN_OBJC_LITERAL_CONVERSION = YES;
				CLANG_WARN_OBJC_ROOT_CLASS = YES_ERROR;
				CLANG_WARN_QUOTED_INCLUDE_IN_FRAMEWORK_HEADER = YES;
				CLANG_WARN_RANGE_LOOP_ANALYSIS = YES;
				CLANG_WARN_STRICT_PROTOTYPES = YES;
				CLANG_WARN_SUSPICIOUS_MOVE = YES;
				CLANG_WARN_UNGUARDED_AVAILABILITY = YES_AGGRESSIVE;
				CLANG_WARN_UNREACHABLE_CODE = YES;
				CLANG_WARN__DUPLICATE_METHOD_MATCH = YES;
				COPY_PHASE_STRIP = NO;
				DEBUG_INFORMATION_FORMAT = dwarf;
				ENABLE_STRICT_OBJC_MSGSEND = YES;
				ENABLE_TESTABILITY = YES;
				GCC_C_LANGUAGE_STANDARD = gnu11;
				GCC_DYNAMIC_NO_PIC = NO;
				GCC_NO_COMMON_BLOCKS = YES;
				GCC_OPTIMIZATION_LEVEL = 0;
				GCC_PREPROCESSOR_DEFINITIONS = (
					"DEBUG=1",
					"$(inherited)",
				);
				GCC_WARN_64_TO_32_BIT_CONVERSION = YES;
				GCC_WARN_ABOUT_RETURN_TYPE = YES_ERROR;
				GCC_WARN_UNDECLARED_SELECTOR = YES;
				GCC_WARN_UNINITIALIZED_AUTOS = YES_AGGRESSIVE;
				GCC_WARN_UNUSED_FUNCTION = YES;
				GCC_WARN_UNUSED_VARIABLE = YES;
				IPHONEOS_DEPLOYMENT_TARGET = 14.5;
				MTL_ENABLE_DEBUG_INFO = INCLUDE_SOURCE;
				MTL_FAST_MATH = YES;
				ONLY_ACTIVE_ARCH = YES;
				SDKROOT = iphoneos;
				SWIFT_ACTIVE_COMPILATION_CONDITIONS = DEBUG;
				SWIFT_OPTIMIZATION_LEVEL = "-Onone";
			};
			name = Debug;
		};
		BB1C52CE2A8E269A0044FF6F /* Release */ = {
			isa = XCBuildConfiguration;
			buildSettings = {
				ALWAYS_SEARCH_USER_PATHS = NO;
				CLANG_ANALYZER_NONNULL = YES;
				CLANG_ANALYZER_NUMBER_OBJECT_CONVERSION = YES_AGGRESSIVE;
				CLANG_CXX_LANGUAGE_STANDARD = "gnu++14";
				CLANG_CXX_LIBRARY = "libc++";
				CLANG_ENABLE_MODULES = YES;
				CLANG_ENABLE_OBJC_ARC = YES;
				CLANG_ENABLE_OBJC_WEAK = YES;
				CLANG_WARN_BLOCK_CAPTURE_AUTORELEASING = YES;
				CLANG_WARN_BOOL_CONVERSION = YES;
				CLANG_WARN_COMMA = YES;
				CLANG_WARN_CONSTANT_CONVERSION = YES;
				CLANG_WARN_DEPRECATED_OBJC_IMPLEMENTATIONS = YES;
				CLANG_WARN_DIRECT_OBJC_ISA_USAGE = YES_ERROR;
				CLANG_WARN_DOCUMENTATION_COMMENTS = YES;
				CLANG_WARN_EMPTY_BODY = YES;
				CLANG_WARN_ENUM_CONVERSION = YES;
				CLANG_WARN_INFINITE_RECURSION = YES;
				CLANG_WARN_INT_CONVERSION = YES;
				CLANG_WARN_NON_LITERAL_NULL_CONVERSION = YES;
				CLANG_WARN_OBJC_IMPLICIT_RETAIN_SELF = YES;
				CLANG_WARN_OBJC_LITERAL_CONVERSION = YES;
				CLANG_WARN_OBJC_ROOT_CLASS = YES_ERROR;
				CLANG_WARN_QUOTED_INCLUDE_IN_FRAMEWORK_HEADER = YES;
				CLANG_WARN_RANGE_LOOP_ANALYSIS = YES;
				CLANG_WARN_STRICT_PROTOTYPES = YES;
				CLANG_WARN_SUSPICIOUS_MOVE = YES;
				CLANG_WARN_UNGUARDED_AVAILABILITY = YES_AGGRESSIVE;
				CLANG_WARN_UNREACHABLE_CODE = YES;
				CLANG_WARN__DUPLICATE_METHOD_MATCH = YES;
				COPY_PHASE_STRIP = NO;
				DEBUG_INFORMATION_FORMAT = "dwarf-with-dsym";
				ENABLE_NS_ASSERTIONS = NO;
				ENABLE_STRICT_OBJC_MSGSEND = YES;
				GCC_C_LANGUAGE_STANDARD = gnu11;
				GCC_NO_COMMON_BLOCKS = YES;
				GCC_WARN_64_TO_32_BIT_CONVERSION = YES;
				GCC_WARN_ABOUT_RETURN_TYPE = YES_ERROR;
				GCC_WARN_UNDECLARED_SELECTOR = YES;
				GCC_WARN_UNINITIALIZED_AUTOS = YES_AGGRESSIVE;
				GCC_WARN_UNUSED_FUNCTION = YES;
				GCC_WARN_UNUSED_VARIABLE = YES;
				IPHONEOS_DEPLOYMENT_TARGET = 14.5;
				MTL_ENABLE_DEBUG_INFO = NO;
				MTL_FAST_MATH = YES;
				SDKROOT = iphoneos;
				SWIFT_COMPILATION_MODE = wholemodule;
				SWIFT_OPTIMIZATION_LEVEL = "-O";
				VALIDATE_PRODUCT = YES;
			};
			name = Release;
		};
		BB1C52D02A8E269A0044FF6F /* Debug */ = {
			isa = XCBuildConfiguration;
			buildSettings = {
				ASSETCATALOG_COMPILER_APPICON_NAME = AppIcon;
				ASSETCATALOG_COMPILER_GLOBAL_ACCENT_COLOR_NAME = AccentColor;
				CODE_SIGN_STYLE = Automatic;
				INFOPLIST_FILE = AppMusicA/Info.plist;
				LD_RUNPATH_SEARCH_PATHS = (
					"$(inherited)",
					"@executable_path/Frameworks",
				);
				PRODUCT_BUNDLE_IDENTIFIER = com.sun.AppMusicA;
				PRODUCT_NAME = "$(TARGET_NAME)";
				SWIFT_VERSION = 5.0;
				TARGETED_DEVICE_FAMILY = "1,2";
			};
			name = Debug;
		};
		BB1C52D12A8E269A0044FF6F /* Release */ = {
			isa = XCBuildConfiguration;
			buildSettings = {
				ASSETCATALOG_COMPILER_APPICON_NAME = AppIcon;
				ASSETCATALOG_COMPILER_GLOBAL_ACCENT_COLOR_NAME = AccentColor;
				CODE_SIGN_STYLE = Automatic;
				INFOPLIST_FILE = AppMusicA/Info.plist;
				LD_RUNPATH_SEARCH_PATHS = (
					"$(inherited)",
					"@executable_path/Frameworks",
				);
				PRODUCT_BUNDLE_IDENTIFIER = com.sun.AppMusicA;
				PRODUCT_NAME = "$(TARGET_NAME)";
				SWIFT_VERSION = 5.0;
				TARGETED_DEVICE_FAMILY = "1,2";
			};
			name = Release;
		};
/* End XCBuildConfiguration section */

/* Begin XCConfigurationList section */
		BB1C52B62A8E26940044FF6F /* Build configuration list for PBXProject "AppMusicA" */ = {
			isa = XCConfigurationList;
			buildConfigurations = (
				BB1C52CD2A8E269A0044FF6F /* Debug */,
				BB1C52CE2A8E269A0044FF6F /* Release */,
			);
			defaultConfigurationIsVisible = 0;
			defaultConfigurationName = Release;
		};
		BB1C52CF2A8E269A0044FF6F /* Build configuration list for PBXNativeTarget "AppMusicA" */ = {
			isa = XCConfigurationList;
			buildConfigurations = (
				BB1C52D02A8E269A0044FF6F /* Debug */,
				BB1C52D12A8E269A0044FF6F /* Release */,
			);
			defaultConfigurationIsVisible = 0;
			defaultConfigurationName = Release;
		};
/* End XCConfigurationList section */
	};
	rootObject = BB1C52B32A8E26940044FF6F /* Project object */;
}
